// !$*UTF8*$!
{
	archiveVersion = 1;
	classes = {
	};
	objectVersion = 50;
	objects = {

/* Begin PBXBuildFile section */
		041D87632523C81D002480AD /* AppDelegate.swift in Sources */ = {isa = PBXBuildFile; fileRef = 041D87622523C81D002480AD /* AppDelegate.swift */; };
		041D87652523C81D002480AD /* SceneDelegate.swift in Sources */ = {isa = PBXBuildFile; fileRef = 041D87642523C81D002480AD /* SceneDelegate.swift */; };
		041D87672523C81D002480AD /* ContentView.swift in Sources */ = {isa = PBXBuildFile; fileRef = 041D87662523C81D002480AD /* ContentView.swift */; };
		041D87692523C81E002480AD /* Assets.xcassets in Resources */ = {isa = PBXBuildFile; fileRef = 041D87682523C81E002480AD /* Assets.xcassets */; };
		041D876C2523C81E002480AD /* Preview Assets.xcassets in Resources */ = {isa = PBXBuildFile; fileRef = 041D876B2523C81E002480AD /* Preview Assets.xcassets */; };
		041D876F2523C81E002480AD /* LaunchScreen.storyboard in Resources */ = {isa = PBXBuildFile; fileRef = 041D876D2523C81E002480AD /* LaunchScreen.storyboard */; };
		041D87782523C92B002480AD /* tos.pb.swift in Sources */ = {isa = PBXBuildFile; fileRef = 041D87772523C92B002480AD /* tos.pb.swift */; };
		811C3D2F49369E0F41BB7230 /* Pods_TOS_App.framework in Frameworks */ = {isa = PBXBuildFile; fileRef = 528F9AE5A0407AFFEA7020CD /* Pods_TOS_App.framework */; };
/* End PBXBuildFile section */

/* Begin PBXFileReference section */
		041D875F2523C81D002480AD /* TOS App.app */ = {isa = PBXFileReference; explicitFileType = wrapper.application; includeInIndex = 0; path = "TOS App.app"; sourceTree = BUILT_PRODUCTS_DIR; };
		041D87622523C81D002480AD /* AppDelegate.swift */ = {isa = PBXFileReference; lastKnownFileType = sourcecode.swift; path = AppDelegate.swift; sourceTree = "<group>"; };
		041D87642523C81D002480AD /* SceneDelegate.swift */ = {isa = PBXFileReference; lastKnownFileType = sourcecode.swift; path = SceneDelegate.swift; sourceTree = "<group>"; };
		041D87662523C81D002480AD /* ContentView.swift */ = {isa = PBXFileReference; lastKnownFileType = sourcecode.swift; path = ContentView.swift; sourceTree = "<group>"; };
		041D87682523C81E002480AD /* Assets.xcassets */ = {isa = PBXFileReference; lastKnownFileType = folder.assetcatalog; path = Assets.xcassets; sourceTree = "<group>"; };
		041D876B2523C81E002480AD /* Preview Assets.xcassets */ = {isa = PBXFileReference; lastKnownFileType = folder.assetcatalog; path = "Preview Assets.xcassets"; sourceTree = "<group>"; };
		041D876E2523C81E002480AD /* Base */ = {isa = PBXFileReference; lastKnownFileType = file.storyboard; name = Base; path = Base.lproj/LaunchScreen.storyboard; sourceTree = "<group>"; };
		041D87702523C81E002480AD /* Info.plist */ = {isa = PBXFileReference; lastKnownFileType = text.plist.xml; path = Info.plist; sourceTree = "<group>"; };
		041D87772523C92B002480AD /* tos.pb.swift */ = {isa = PBXFileReference; fileEncoding = 4; lastKnownFileType = sourcecode.swift; path = tos.pb.swift; sourceTree = "<group>"; };
		528F9AE5A0407AFFEA7020CD /* Pods_TOS_App.framework */ = {isa = PBXFileReference; explicitFileType = wrapper.framework; includeInIndex = 0; path = Pods_TOS_App.framework; sourceTree = BUILT_PRODUCTS_DIR; };
		6A4CE57E50C6844EEACA6DE9 /* Pods-TOS App.release.xcconfig */ = {isa = PBXFileReference; includeInIndex = 1; lastKnownFileType = text.xcconfig; name = "Pods-TOS App.release.xcconfig"; path = "Target Support Files/Pods-TOS App/Pods-TOS App.release.xcconfig"; sourceTree = "<group>"; };
		C9F3608ED701A618F7DC5660 /* Pods-TOS App.debug.xcconfig */ = {isa = PBXFileReference; includeInIndex = 1; lastKnownFileType = text.xcconfig; name = "Pods-TOS App.debug.xcconfig"; path = "Target Support Files/Pods-TOS App/Pods-TOS App.debug.xcconfig"; sourceTree = "<group>"; };
/* End PBXFileReference section */

/* Begin PBXFrameworksBuildPhase section */
		041D875C2523C81D002480AD /* Frameworks */ = {
			isa = PBXFrameworksBuildPhase;
			buildActionMask = 2147483647;
			files = (
				811C3D2F49369E0F41BB7230 /* Pods_TOS_App.framework in Frameworks */,
			);
			runOnlyForDeploymentPostprocessing = 0;
		};
/* End PBXFrameworksBuildPhase section */

/* Begin PBXGroup section */
		041D87562523C81D002480AD = {
			isa = PBXGroup;
			children = (
				041D87612523C81D002480AD /* TOS App */,
				041D87602523C81D002480AD /* Products */,
				06E83C3263A223177957B5FE /* Pods */,
				8B5435268DAB4DF6C2B8CB78 /* Frameworks */,
			);
			sourceTree = "<group>";
		};
		041D87602523C81D002480AD /* Products */ = {
			isa = PBXGroup;
			children = (
				041D875F2523C81D002480AD /* TOS App.app */,
			);
			name = Products;
			sourceTree = "<group>";
		};
		041D87612523C81D002480AD /* TOS App */ = {
			isa = PBXGroup;
			children = (
				041D87772523C92B002480AD /* tos.pb.swift */,
				041D87622523C81D002480AD /* AppDelegate.swift */,
				041D87642523C81D002480AD /* SceneDelegate.swift */,
				041D87662523C81D002480AD /* ContentView.swift */,
				041D87682523C81E002480AD /* Assets.xcassets */,
				041D876D2523C81E002480AD /* LaunchScreen.storyboard */,
				041D87702523C81E002480AD /* Info.plist */,
				041D876A2523C81E002480AD /* Preview Content */,
			);
			path = "TOS App";
			sourceTree = "<group>";
		};
		041D876A2523C81E002480AD /* Preview Content */ = {
			isa = PBXGroup;
			children = (
				041D876B2523C81E002480AD /* Preview Assets.xcassets */,
			);
			path = "Preview Content";
			sourceTree = "<group>";
		};
		06E83C3263A223177957B5FE /* Pods */ = {
			isa = PBXGroup;
			children = (
				C9F3608ED701A618F7DC5660 /* Pods-TOS App.debug.xcconfig */,
				6A4CE57E50C6844EEACA6DE9 /* Pods-TOS App.release.xcconfig */,
			);
			name = Pods;
			path = Pods;
			sourceTree = "<group>";
		};
		8B5435268DAB4DF6C2B8CB78 /* Frameworks */ = {
			isa = PBXGroup;
			children = (
				528F9AE5A0407AFFEA7020CD /* Pods_TOS_App.framework */,
			);
			name = Frameworks;
			sourceTree = "<group>";
		};
/* End PBXGroup section */

/* Begin PBXNativeTarget section */
		041D875E2523C81D002480AD /* TOS App */ = {
			isa = PBXNativeTarget;
			buildConfigurationList = 041D87732523C81E002480AD /* Build configuration list for PBXNativeTarget "TOS App" */;
			buildPhases = (
				9296A90BDE8853A1AFE0F363 /* [CP] Check Pods Manifest.lock */,
				041D875B2523C81D002480AD /* Sources */,
				041D875C2523C81D002480AD /* Frameworks */,
				041D875D2523C81D002480AD /* Resources */,
				246471A531AEA3CA6A89238F /* [CP] Embed Pods Frameworks */,
			);
			buildRules = (
			);
			dependencies = (
			);
			name = "TOS App";
			productName = "TOS App";
			productReference = 041D875F2523C81D002480AD /* TOS App.app */;
			productType = "com.apple.product-type.application";
		};
/* End PBXNativeTarget section */

/* Begin PBXProject section */
		041D87572523C81D002480AD /* Project object */ = {
			isa = PBXProject;
			attributes = {
				LastSwiftUpdateCheck = 1200;
				LastUpgradeCheck = 1200;
				TargetAttributes = {
					041D875E2523C81D002480AD = {
						CreatedOnToolsVersion = 12.0.1;
					};
				};
			};
			buildConfigurationList = 041D875A2523C81D002480AD /* Build configuration list for PBXProject "TOS App" */;
			compatibilityVersion = "Xcode 9.3";
			developmentRegion = en;
			hasScannedForEncodings = 0;
			knownRegions = (
				en,
				Base,
			);
			mainGroup = 041D87562523C81D002480AD;
			productRefGroup = 041D87602523C81D002480AD /* Products */;
			projectDirPath = "";
			projectRoot = "";
			targets = (
				041D875E2523C81D002480AD /* TOS App */,
			);
		};
/* End PBXProject section */

/* Begin PBXResourcesBuildPhase section */
		041D875D2523C81D002480AD /* Resources */ = {
			isa = PBXResourcesBuildPhase;
			buildActionMask = 2147483647;
			files = (
				041D876F2523C81E002480AD /* LaunchScreen.storyboard in Resources */,
				041D876C2523C81E002480AD /* Preview Assets.xcassets in Resources */,
				041D87692523C81E002480AD /* Assets.xcassets in Resources */,
			);
			runOnlyForDeploymentPostprocessing = 0;
		};
/* End PBXResourcesBuildPhase section */

/* Begin PBXShellScriptBuildPhase section */
		246471A531AEA3CA6A89238F /* [CP] Embed Pods Frameworks */ = {
			isa = PBXShellScriptBuildPhase;
			buildActionMask = 2147483647;
			files = (
			);
			inputFileListPaths = (
				"${PODS_ROOT}/Target Support Files/Pods-TOS App/Pods-TOS App-frameworks-${CONFIGURATION}-input-files.xcfilelist",
			);
			name = "[CP] Embed Pods Frameworks";
			outputFileListPaths = (
				"${PODS_ROOT}/Target Support Files/Pods-TOS App/Pods-TOS App-frameworks-${CONFIGURATION}-output-files.xcfilelist",
			);
			runOnlyForDeploymentPostprocessing = 0;
			shellPath = /bin/sh;
			shellScript = "\"${PODS_ROOT}/Target Support Files/Pods-TOS App/Pods-TOS App-frameworks.sh\"\n";
			showEnvVarsInLog = 0;
		};
		9296A90BDE8853A1AFE0F363 /* [CP] Check Pods Manifest.lock */ = {
			isa = PBXShellScriptBuildPhase;
			buildActionMask = 2147483647;
			files = (
			);
			inputFileListPaths = (
			);
			inputPaths = (
				"${PODS_PODFILE_DIR_PATH}/Podfile.lock",
				"${PODS_ROOT}/Manifest.lock",
			);
			name = "[CP] Check Pods Manifest.lock";
			outputFileListPaths = (
			);
			outputPaths = (
				"$(DERIVED_FILE_DIR)/Pods-TOS App-checkManifestLockResult.txt",
			);
			runOnlyForDeploymentPostprocessing = 0;
			shellPath = /bin/sh;
			shellScript = "diff \"${PODS_PODFILE_DIR_PATH}/Podfile.lock\" \"${PODS_ROOT}/Manifest.lock\" > /dev/null\nif [ $? != 0 ] ; then\n    # print error to STDERR\n    echo \"error: The sandbox is not in sync with the Podfile.lock. Run 'pod install' or update your CocoaPods installation.\" >&2\n    exit 1\nfi\n# This output is used by Xcode 'outputs' to avoid re-running this script phase.\necho \"SUCCESS\" > \"${SCRIPT_OUTPUT_FILE_0}\"\n";
			showEnvVarsInLog = 0;
		};
/* End PBXShellScriptBuildPhase section */

/* Begin PBXSourcesBuildPhase section */
		041D875B2523C81D002480AD /* Sources */ = {
			isa = PBXSourcesBuildPhase;
			buildActionMask = 2147483647;
			files = (
				041D87632523C81D002480AD /* AppDelegate.swift in Sources */,
				041D87782523C92B002480AD /* tos.pb.swift in Sources */,
				041D87652523C81D002480AD /* SceneDelegate.swift in Sources */,
				041D87672523C81D002480AD /* ContentView.swift in Sources */,
			);
			runOnlyForDeploymentPostprocessing = 0;
		};
/* End PBXSourcesBuildPhase section */

/* Begin PBXVariantGroup section */
		041D876D2523C81E002480AD /* LaunchScreen.storyboard */ = {
			isa = PBXVariantGroup;
			children = (
				041D876E2523C81E002480AD /* Base */,
			);
			name = LaunchScreen.storyboard;
			sourceTree = "<group>";
		};
/* End PBXVariantGroup section */

/* Begin XCBuildConfiguration section */
		041D87712523C81E002480AD /* Debug */ = {
			isa = XCBuildConfiguration;
			buildSettings = {
				ALWAYS_SEARCH_USER_PATHS = NO;
				CLANG_ANALYZER_NONNULL = YES;
				CLANG_ANALYZER_NUMBER_OBJECT_CONVERSION = YES_AGGRESSIVE;
				CLANG_CXX_LANGUAGE_STANDARD = "gnu++14";
				CLANG_CXX_LIBRARY = "libc++";
				CLANG_ENABLE_MODULES = YES;
				CLANG_ENABLE_OBJC_ARC = YES;
				CLANG_ENABLE_OBJC_WEAK = YES;
				CLANG_WARN_BLOCK_CAPTURE_AUTORELEASING = YES;
				CLANG_WARN_BOOL_CONVERSION = YES;
				CLANG_WARN_COMMA = YES;
				CLANG_WARN_CONSTANT_CONVERSION = YES;
				CLANG_WARN_DEPRECATED_OBJC_IMPLEMENTATIONS = YES;
				CLANG_WARN_DIRECT_OBJC_ISA_USAGE = YES_ERROR;
				CLANG_WARN_DOCUMENTATION_COMMENTS = YES;
				CLANG_WARN_EMPTY_BODY = YES;
				CLANG_WARN_ENUM_CONVERSION = YES;
				CLANG_WARN_INFINITE_RECURSION = YES;
				CLANG_WARN_INT_CONVERSION = YES;
				CLANG_WARN_NON_LITERAL_NULL_CONVERSION = YES;
				CLANG_WARN_OBJC_IMPLICIT_RETAIN_SELF = YES;
				CLANG_WARN_OBJC_LITERAL_CONVERSION = YES;
				CLANG_WARN_OBJC_ROOT_CLASS = YES_ERROR;
				CLANG_WARN_QUOTED_INCLUDE_IN_FRAMEWORK_HEADER = YES;
				CLANG_WARN_RANGE_LOOP_ANALYSIS = YES;
				CLANG_WARN_STRICT_PROTOTYPES = YES;
				CLANG_WARN_SUSPICIOUS_MOVE = YES;
				CLANG_WARN_UNGUARDED_AVAILABILITY = YES_AGGRESSIVE;
				CLANG_WARN_UNREACHABLE_CODE = YES;
				CLANG_WARN__DUPLICATE_METHOD_MATCH = YES;
				COPY_PHASE_STRIP = NO;
				DEBUG_INFORMATION_FORMAT = dwarf;
				ENABLE_STRICT_OBJC_MSGSEND = YES;
				ENABLE_TESTABILITY = YES;
				GCC_C_LANGUAGE_STANDARD = gnu11;
				GCC_DYNAMIC_NO_PIC = NO;
				GCC_NO_COMMON_BLOCKS = YES;
				GCC_OPTIMIZATION_LEVEL = 0;
				GCC_PREPROCESSOR_DEFINITIONS = (
					"DEBUG=1",
					"$(inherited)",
				);
				GCC_WARN_64_TO_32_BIT_CONVERSION = YES;
				GCC_WARN_ABOUT_RETURN_TYPE = YES_ERROR;
				GCC_WARN_UNDECLARED_SELECTOR = YES;
				GCC_WARN_UNINITIALIZED_AUTOS = YES_AGGRESSIVE;
				GCC_WARN_UNUSED_FUNCTION = YES;
				GCC_WARN_UNUSED_VARIABLE = YES;
				IPHONEOS_DEPLOYMENT_TARGET = 14.0;
				MTL_ENABLE_DEBUG_INFO = INCLUDE_SOURCE;
				MTL_FAST_MATH = YES;
				ONLY_ACTIVE_ARCH = YES;
				SDKROOT = iphoneos;
				SWIFT_ACTIVE_COMPILATION_CONDITIONS = DEBUG;
				SWIFT_OPTIMIZATION_LEVEL = "-Onone";
			};
			name = Debug;
		};
		041D87722523C81E002480AD /* Release */ = {
			isa = XCBuildConfiguration;
			buildSettings = {
				ALWAYS_SEARCH_USER_PATHS = NO;
				CLANG_ANALYZER_NONNULL = YES;
				CLANG_ANALYZER_NUMBER_OBJECT_CONVERSION = YES_AGGRESSIVE;
				CLANG_CXX_LANGUAGE_STANDARD = "gnu++14";
				CLANG_CXX_LIBRARY = "libc++";
				CLANG_ENABLE_MODULES = YES;
				CLANG_ENABLE_OBJC_ARC = YES;
				CLANG_ENABLE_OBJC_WEAK = YES;
				CLANG_WARN_BLOCK_CAPTURE_AUTORELEASING = YES;
				CLANG_WARN_BOOL_CONVERSION = YES;
				CLANG_WARN_COMMA = YES;
				CLANG_WARN_CONSTANT_CONVERSION = YES;
				CLANG_WARN_DEPRECATED_OBJC_IMPLEMENTATIONS = YES;
				CLANG_WARN_DIRECT_OBJC_ISA_USAGE = YES_ERROR;
				CLANG_WARN_DOCUMENTATION_COMMENTS = YES;
				CLANG_WARN_EMPTY_BODY = YES;
				CLANG_WARN_ENUM_CONVERSION = YES;
				CLANG_WARN_INFINITE_RECURSION = YES;
				CLANG_WARN_INT_CONVERSION = YES;
				CLANG_WARN_NON_LITERAL_NULL_CONVERSION = YES;
				CLANG_WARN_OBJC_IMPLICIT_RETAIN_SELF = YES;
				CLANG_WARN_OBJC_LITERAL_CONVERSION = YES;
				CLANG_WARN_OBJC_ROOT_CLASS = YES_ERROR;
				CLANG_WARN_QUOTED_INCLUDE_IN_FRAMEWORK_HEADER = YES;
				CLANG_WARN_RANGE_LOOP_ANALYSIS = YES;
				CLANG_WARN_STRICT_PROTOTYPES = YES;
				CLANG_WARN_SUSPICIOUS_MOVE = YES;
				CLANG_WARN_UNGUARDED_AVAILABILITY = YES_AGGRESSIVE;
				CLANG_WARN_UNREACHABLE_CODE = YES;
				CLANG_WARN__DUPLICATE_METHOD_MATCH = YES;
				COPY_PHASE_STRIP = NO;
				DEBUG_INFORMATION_FORMAT = "dwarf-with-dsym";
				ENABLE_NS_ASSERTIONS = NO;
				ENABLE_STRICT_OBJC_MSGSEND = YES;
				GCC_C_LANGUAGE_STANDARD = gnu11;
				GCC_NO_COMMON_BLOCKS = YES;
				GCC_WARN_64_TO_32_BIT_CONVERSION = YES;
				GCC_WARN_ABOUT_RETURN_TYPE = YES_ERROR;
				GCC_WARN_UNDECLARED_SELECTOR = YES;
				GCC_WARN_UNINITIALIZED_AUTOS = YES_AGGRESSIVE;
				GCC_WARN_UNUSED_FUNCTION = YES;
				GCC_WARN_UNUSED_VARIABLE = YES;
				IPHONEOS_DEPLOYMENT_TARGET = 14.0;
				MTL_ENABLE_DEBUG_INFO = NO;
				MTL_FAST_MATH = YES;
				SDKROOT = iphoneos;
				SWIFT_COMPILATION_MODE = wholemodule;
				SWIFT_OPTIMIZATION_LEVEL = "-O";
				VALIDATE_PRODUCT = YES;
			};
			name = Release;
		};
		041D87742523C81E002480AD /* Debug */ = {
			isa = XCBuildConfiguration;
			baseConfigurationReference = C9F3608ED701A618F7DC5660 /* Pods-TOS App.debug.xcconfig */;
			buildSettings = {
				ASSETCATALOG_COMPILER_APPICON_NAME = AppIcon;
				ASSETCATALOG_COMPILER_GLOBAL_ACCENT_COLOR_NAME = AccentColor;
				CODE_SIGN_STYLE = Automatic;
				DEVELOPMENT_ASSET_PATHS = "\"TOS App/Preview Content\"";
				ENABLE_PREVIEWS = YES;
				INFOPLIST_FILE = "TOS App/Info.plist";
				LD_RUNPATH_SEARCH_PATHS = (
					"$(inherited)",
					"@executable_path/Frameworks",
				);
				PRODUCT_BUNDLE_IDENTIFIER = "com.jack.TOS-App";
				PRODUCT_NAME = "$(TARGET_NAME)";
				SWIFT_VERSION = 5.0;
				TARGETED_DEVICE_FAMILY = "1,2";
			};
			name = Debug;
		};
		041D87752523C81E002480AD /* Release */ = {
			isa = XCBuildConfiguration;
			baseConfigurationReference = 6A4CE57E50C6844EEACA6DE9 /* Pods-TOS App.release.xcconfig */;
			buildSettings = {
				ASSETCATALOG_COMPILER_APPICON_NAME = AppIcon;
				ASSETCATALOG_COMPILER_GLOBAL_ACCENT_COLOR_NAME = AccentColor;
				CODE_SIGN_STYLE = Automatic;
				DEVELOPMENT_ASSET_PATHS = "\"TOS App/Preview Content\"";
				ENABLE_PREVIEWS = YES;
				INFOPLIST_FILE = "TOS App/Info.plist";
				LD_RUNPATH_SEARCH_PATHS = (
					"$(inherited)",
					"@executable_path/Frameworks",
				);
				PRODUCT_BUNDLE_IDENTIFIER = "com.jack.TOS-App";
				PRODUCT_NAME = "$(TARGET_NAME)";
				SWIFT_VERSION = 5.0;
				TARGETED_DEVICE_FAMILY = "1,2";
			};
			name = Release;
		};
/* End XCBuildConfiguration section */

/* Begin XCConfigurationList section */
		041D875A2523C81D002480AD /* Build configuration list for PBXProject "TOS App" */ = {
			isa = XCConfigurationList;
			buildConfigurations = (
				041D87712523C81E002480AD /* Debug */,
				041D87722523C81E002480AD /* Release */,
			);
			defaultConfigurationIsVisible = 0;
			defaultConfigurationName = Release;
		};
		041D87732523C81E002480AD /* Build configuration list for PBXNativeTarget "TOS App" */ = {
			isa = XCConfigurationList;
			buildConfigurations = (
				041D87742523C81E002480AD /* Debug */,
				041D87752523C81E002480AD /* Release */,
			);
			defaultConfigurationIsVisible = 0;
			defaultConfigurationName = Release;
		};
/* End XCConfigurationList section */
	};
	rootObject = 041D87572523C81D002480AD /* Project object */;
}
